
Microsoft Visual Studio Solution File, Format Version 12.00
# Visual Studio Version 17
VisualStudioVersion = 17.5.002.0
MinimumVisualStudioVersion = 10.0.40219.1
Project("{9A19103F-16F7-4668-BE54-9A1E7A4F7556}") = "Task1", "Task1.csproj", "{B78B2D94-C054-4A8C-B985-B0B0E82A1093}"
EndProject
Global
	GlobalSection(SolutionConfigurationPlatforms) = preSolution
		Debug|Any CPU = Debug|Any CPU
		Release|Any CPU = Release|Any CPU
	EndGlobalSection
	GlobalSection(ProjectConfigurationPlatforms) = postSolution
		{B78B2D94-C054-4A8C-B985-B0B0E82A1093}.Debug|Any CPU.ActiveCfg = Debug|Any CPU
		{B78B2D94-C054-4A8C-B985-B0B0E82A1093}.Debug|Any CPU.Build.0 = Debug|Any CPU
		{B78B2D94-C054-4A8C-B985-B0B0E82A1093}.Release|Any CPU.ActiveCfg = Release|Any CPU
		{B78B2D94-C054-4A8C-B985-B0B0E82A1093}.Release|Any CPU.Build.0 = Release|Any CPU
	EndGlobalSection
	GlobalSection(SolutionProperties) = preSolution
		HideSolutionNode = FALSE
	EndGlobalSection
	GlobalSection(ExtensibilityGlobals) = postSolution
		SolutionGuid = {93F0BC56-9EBF-4811-B1AA-893D51C15032}
	EndGlobalSection
EndGlobal
